{
    "_readme": [
        "This file locks the dependencies of your project to a known state",
        "Read more about it at http://getcomposer.org/doc/01-basic-usage.md#composer-lock-the-lock-file"
    ],
    "hash": "e27fdcef538b9bc45a2fc636792ee78d",
    "packages": [
        {
            "name": "filp/whoops",
            "version": "1.1.1",
            "source": {
                "type": "git",
                "url": "https://github.com/filp/whoops.git",
                "reference": "ae05259236204ccf904a94e5b0d96df8d4351da5"
            },
            "dist": {
                "type": "zip",
                "url": "https://api.github.com/repos/filp/whoops/zipball/ae05259236204ccf904a94e5b0d96df8d4351da5",
                "reference": "ae05259236204ccf904a94e5b0d96df8d4351da5",
                "shasum": ""
            },
            "require": {
                "php": ">=5.3.0"
            },
            "require-dev": {
                "mockery/mockery": "0.9.*"
            },
            "type": "library",
            "extra": {
                "branch-alias": {
                    "dev-master": "1.2-dev"
                }
            },
            "autoload": {
                "psr-0": {
                    "Whoops": "src/"
                },
                "classmap": [
                    "src/deprecated"
                ]
            },
            "notification-url": "https://packagist.org/downloads/",
            "license": [
                "MIT"
            ],
            "authors": [
                {
                    "name": "Filipe Dobreira",
                    "homepage": "https://github.com/filp",
                    "role": "Developer"
                }
            ],
            "description": "php error handling for cool kids",
            "homepage": "https://github.com/filp/whoops",
            "keywords": [
                "error",
                "exception",
                "handling",
                "library",
                "silex-provider",
                "whoops",
                "zf2"
            ],
            "time": "2014-05-13 05:05:11"
        }
    ],
    "packages-dev": [],
    "aliases": [],
    "minimum-stability": "dev",
    "stability-flags": [],
    "platform": [],
    "platform-dev": []
}
